
Microsoft Visual Studio Solution File, Format Version 12.00
# Visual Studio Version 17
VisualStudioVersion = 17.0.31903.59
MinimumVisualStudioVersion = 10.0.40219.1
Project("{2150E333-8FDC-42A3-9474-1A3956D46DE8}") = "src", "src", "{5D345235-7331-41E8-B7E8-C178E222A58C}"
EndProject
Project("{FAE04EC0-301F-11D3-BF4B-00C04F79EFBC}") = "QrApp", "src\QrApp\QrApp.csproj", "{288C9FAD-0228-4B02-9CF7-72ECD288F694}"
EndProject
Global
	GlobalSection(SolutionConfigurationPlatforms) = preSolution
		Debug|Any CPU = Debug|Any CPU
		Release|Any CPU = Release|Any CPU
	EndGlobalSection
	GlobalSection(SolutionProperties) = preSolution
		HideSolutionNode = FALSE
	EndGlobalSection
	GlobalSection(ProjectConfigurationPlatforms) = postSolution
		{288C9FAD-0228-4B02-9CF7-72ECD288F694}.Debug|Any CPU.ActiveCfg = Debug|Any CPU
		{288C9FAD-0228-4B02-9CF7-72ECD288F694}.Debug|Any CPU.Build.0 = Debug|Any CPU
		{288C9FAD-0228-4B02-9CF7-72ECD288F694}.Release|Any CPU.ActiveCfg = Release|Any CPU
		{288C9FAD-0228-4B02-9CF7-72ECD288F694}.Release|Any CPU.Build.0 = Release|Any CPU
	EndGlobalSection
	GlobalSection(NestedProjects) = preSolution
		{288C9FAD-0228-4B02-9CF7-72ECD288F694} = {5D345235-7331-41E8-B7E8-C178E222A58C}
	EndGlobalSection
EndGlobal
